
Microsoft Visual Studio Solution File, Format Version 12.00
# Visual Studio 14
VisualStudioVersion = 14.0.25123.0
MinimumVisualStudioVersion = 10.0.40219.1
Project("{2150E333-8FDC-42A3-9474-1A3956D46DE8}") = ".NET4.5", ".NET4.5", "{C743B239-6197-4B5A-BDCC-ACCA02885153}"
EndProject
Project("{2150E333-8FDC-42A3-9474-1A3956D46DE8}") = "Contribution", "Contribution", "{3BAA5D1A-1CC8-49B6-92CD-5FE17807305F}"
EndProject
Project("{FAE04EC0-301F-11D3-BF4B-00C04F79EFBC}") = "Kumano", ".NET4.5\Kumano\Kumano.csproj", "{D7A64ACA-3FA5-495F-866E-4FE29617ACC6}"
EndProject
Project("{FAE04EC0-301F-11D3-BF4B-00C04F79EFBC}") = "Kumano.Appearance", ".NET4.5\Kumano.Appearance\Kumano.Appearance.csproj", "{4616CDEA-8E29-4638-AEB6-71281B0F83AC}"
EndProject
Project("{FAE04EC0-301F-11D3-BF4B-00C04F79EFBC}") = "Kumano.Common", ".NET4.5\Kumano.Common\Kumano.Common.csproj", "{D1FFF55E-1206-49E6-A670-ADCC1961048D}"
EndProject
Project("{FAE04EC0-301F-11D3-BF4B-00C04F79EFBC}") = "Kumano.Contrib", ".NET4.5\Kumano.Contrib\Kumano.Contrib.csproj", "{EC15D94F-B640-4449-8451-607EFE9BDEC6}"
EndProject
Project("{FAE04EC0-301F-11D3-BF4B-00C04F79EFBC}") = "Kumano.Core", ".NET4.5\Kumano.Core\Kumano.Core.csproj", "{3B2502AB-6856-4D84-8B8D-6E14DEBD8C1B}"
EndProject
Project("{FAE04EC0-301F-11D3-BF4B-00C04F79EFBC}") = "Kumano.Data", ".NET4.5\Kumano.Data\Kumano.Data.csproj", "{88C9E0E2-46F4-45B2-A473-44D606B6C855}"
EndProject
Project("{FAE04EC0-301F-11D3-BF4B-00C04F79EFBC}") = "Akalib", "..\Contribution\Akalib\.NET4.5\Akalib\Akalib.csproj", "{AC9A53E6-25C0-4465-8F91-671DE8D9573E}"
EndProject
Project("{FAE04EC0-301F-11D3-BF4B-00C04F79EFBC}") = "Akalib.Wpf", "..\Contribution\Akalib\.NET4.5\Akalib.Wpf\Akalib.Wpf.csproj", "{B55F2D6B-B39F-4431-94D2-BEE0B7AB974E}"
EndProject
Project("{FAE04EC0-301F-11D3-BF4B-00C04F79EFBC}") = "Akalib.Wpf.Mvvm", "..\Contribution\Akalib\.NET4.5\Akalib.Wpf.Mvvm\Akalib.Wpf.Mvvm.csproj", "{3821A2C9-9111-4623-AE66-D9355A5AAA0A}"
EndProject
Global
	GlobalSection(SolutionConfigurationPlatforms) = preSolution
		Debug|Any CPU = Debug|Any CPU
		Release|Any CPU = Release|Any CPU
	EndGlobalSection
	GlobalSection(ProjectConfigurationPlatforms) = postSolution
		{D7A64ACA-3FA5-495F-866E-4FE29617ACC6}.Debug|Any CPU.ActiveCfg = Debug|Any CPU
		{D7A64ACA-3FA5-495F-866E-4FE29617ACC6}.Debug|Any CPU.Build.0 = Debug|Any CPU
		{D7A64ACA-3FA5-495F-866E-4FE29617ACC6}.Release|Any CPU.ActiveCfg = Release|Any CPU
		{D7A64ACA-3FA5-495F-866E-4FE29617ACC6}.Release|Any CPU.Build.0 = Release|Any CPU
		{4616CDEA-8E29-4638-AEB6-71281B0F83AC}.Debug|Any CPU.ActiveCfg = Debug|Any CPU
		{4616CDEA-8E29-4638-AEB6-71281B0F83AC}.Debug|Any CPU.Build.0 = Debug|Any CPU
		{4616CDEA-8E29-4638-AEB6-71281B0F83AC}.Release|Any CPU.ActiveCfg = Release|Any CPU
		{4616CDEA-8E29-4638-AEB6-71281B0F83AC}.Release|Any CPU.Build.0 = Release|Any CPU
		{D1FFF55E-1206-49E6-A670-ADCC1961048D}.Debug|Any CPU.ActiveCfg = Debug|Any CPU
		{D1FFF55E-1206-49E6-A670-ADCC1961048D}.Debug|Any CPU.Build.0 = Debug|Any CPU
		{D1FFF55E-1206-49E6-A670-ADCC1961048D}.Release|Any CPU.ActiveCfg = Release|Any CPU
		{D1FFF55E-1206-49E6-A670-ADCC1961048D}.Release|Any CPU.Build.0 = Release|Any CPU
		{EC15D94F-B640-4449-8451-607EFE9BDEC6}.Debug|Any CPU.ActiveCfg = Debug|Any CPU
		{EC15D94F-B640-4449-8451-607EFE9BDEC6}.Debug|Any CPU.Build.0 = Debug|Any CPU
		{EC15D94F-B640-4449-8451-607EFE9BDEC6}.Release|Any CPU.ActiveCfg = Release|Any CPU
		{EC15D94F-B640-4449-8451-607EFE9BDEC6}.Release|Any CPU.Build.0 = Release|Any CPU
		{3B2502AB-6856-4D84-8B8D-6E14DEBD8C1B}.Debug|Any CPU.ActiveCfg = Debug|Any CPU
		{3B2502AB-6856-4D84-8B8D-6E14DEBD8C1B}.Debug|Any CPU.Build.0 = Debug|Any CPU
		{3B2502AB-6856-4D84-8B8D-6E14DEBD8C1B}.Release|Any CPU.ActiveCfg = Release|Any CPU
		{3B2502AB-6856-4D84-8B8D-6E14DEBD8C1B}.Release|Any CPU.Build.0 = Release|Any CPU
		{88C9E0E2-46F4-45B2-A473-44D606B6C855}.Debug|Any CPU.ActiveCfg = Debug|Any CPU
		{88C9E0E2-46F4-45B2-A473-44D606B6C855}.Debug|Any CPU.Build.0 = Debug|Any CPU
		{88C9E0E2-46F4-45B2-A473-44D606B6C855}.Release|Any CPU.ActiveCfg = Release|Any CPU
		{88C9E0E2-46F4-45B2-A473-44D606B6C855}.Release|Any CPU.Build.0 = Release|Any CPU
		{AC9A53E6-25C0-4465-8F91-671DE8D9573E}.Debug|Any CPU.ActiveCfg = Debug|Any CPU
		{AC9A53E6-25C0-4465-8F91-671DE8D9573E}.Debug|Any CPU.Build.0 = Debug|Any CPU
		{AC9A53E6-25C0-4465-8F91-671DE8D9573E}.Release|Any CPU.ActiveCfg = Release|Any CPU
		{AC9A53E6-25C0-4465-8F91-671DE8D9573E}.Release|Any CPU.Build.0 = Release|Any CPU
		{B55F2D6B-B39F-4431-94D2-BEE0B7AB974E}.Debug|Any CPU.ActiveCfg = Debug|Any CPU
		{B55F2D6B-B39F-4431-94D2-BEE0B7AB974E}.Debug|Any CPU.Build.0 = Debug|Any CPU
		{B55F2D6B-B39F-4431-94D2-BEE0B7AB974E}.Release|Any CPU.ActiveCfg = Release|Any CPU
		{B55F2D6B-B39F-4431-94D2-BEE0B7AB974E}.Release|Any CPU.Build.0 = Release|Any CPU
		{3821A2C9-9111-4623-AE66-D9355A5AAA0A}.Debug|Any CPU.ActiveCfg = Debug|Any CPU
		{3821A2C9-9111-4623-AE66-D9355A5AAA0A}.Debug|Any CPU.Build.0 = Debug|Any CPU
		{3821A2C9-9111-4623-AE66-D9355A5AAA0A}.Release|Any CPU.ActiveCfg = Release|Any CPU
		{3821A2C9-9111-4623-AE66-D9355A5AAA0A}.Release|Any CPU.Build.0 = Release|Any CPU
	EndGlobalSection
	GlobalSection(SolutionProperties) = preSolution
		HideSolutionNode = FALSE
	EndGlobalSection
	GlobalSection(NestedProjects) = preSolution
		{D7A64ACA-3FA5-495F-866E-4FE29617ACC6} = {C743B239-6197-4B5A-BDCC-ACCA02885153}
		{4616CDEA-8E29-4638-AEB6-71281B0F83AC} = {C743B239-6197-4B5A-BDCC-ACCA02885153}
		{D1FFF55E-1206-49E6-A670-ADCC1961048D} = {C743B239-6197-4B5A-BDCC-ACCA02885153}
		{EC15D94F-B640-4449-8451-607EFE9BDEC6} = {C743B239-6197-4B5A-BDCC-ACCA02885153}
		{3B2502AB-6856-4D84-8B8D-6E14DEBD8C1B} = {C743B239-6197-4B5A-BDCC-ACCA02885153}
		{88C9E0E2-46F4-45B2-A473-44D606B6C855} = {C743B239-6197-4B5A-BDCC-ACCA02885153}
		{AC9A53E6-25C0-4465-8F91-671DE8D9573E} = {3BAA5D1A-1CC8-49B6-92CD-5FE17807305F}
		{B55F2D6B-B39F-4431-94D2-BEE0B7AB974E} = {3BAA5D1A-1CC8-49B6-92CD-5FE17807305F}
		{3821A2C9-9111-4623-AE66-D9355A5AAA0A} = {3BAA5D1A-1CC8-49B6-92CD-5FE17807305F}
	EndGlobalSection
EndGlobal
