
Microsoft Visual Studio Solution File, Format Version 12.00
# Visual Studio 14
VisualStudioVersion = 14.0.25123.0
MinimumVisualStudioVersion = 10.0.40219.1
Project("{2150E333-8FDC-42A3-9474-1A3956D46DE8}") = ".NET4.5", ".NET4.5", "{EB4362DB-1681-47A3-945F-D16A04D04B20}"
EndProject
Project("{FAE04EC0-301F-11D3-BF4B-00C04F79EFBC}") = "Mogami", ".NET4.5\Mogami\Mogami.csproj", "{8B8409B4-9370-45E6-BC86-D263ED61BE3E}"
	ProjectSection(ProjectDependencies) = postProject
		{84F32316-F684-4304-ACFC-F5D250D9E68D} = {84F32316-F684-4304-ACFC-F5D250D9E68D}
		{21E9E537-6737-4755-980B-8B2A6E737E48} = {21E9E537-6737-4755-980B-8B2A6E737E48}
		{1B4AA145-C9C2-44CA-B54C-37362AE8E480} = {1B4AA145-C9C2-44CA-B54C-37362AE8E480}
		{FD92B964-506A-4FE5-BE1D-485018420F14} = {FD92B964-506A-4FE5-BE1D-485018420F14}
		{AEAEE777-3501-4DF0-81A4-F1652B0652CA} = {AEAEE777-3501-4DF0-81A4-F1652B0652CA}
		{BAA064DB-6546-491E-A4F1-7A5678EC8E43} = {BAA064DB-6546-491E-A4F1-7A5678EC8E43}
		{9F5DECEF-C35E-4C34-9C74-84334FDAEEFD} = {9F5DECEF-C35E-4C34-9C74-84334FDAEEFD}
		{482683F7-DFA9-4BCB-9E5E-D9C4618D7740} = {482683F7-DFA9-4BCB-9E5E-D9C4618D7740}
	EndProjectSection
EndProject
Project("{FAE04EC0-301F-11D3-BF4B-00C04F79EFBC}") = "Mogami.Activity", ".NET4.5\Mogami.Activity\Mogami.Activity.csproj", "{AEAEE777-3501-4DF0-81A4-F1652B0652CA}"
	ProjectSection(ProjectDependencies) = postProject
		{84F32316-F684-4304-ACFC-F5D250D9E68D} = {84F32316-F684-4304-ACFC-F5D250D9E68D}
		{21E9E537-6737-4755-980B-8B2A6E737E48} = {21E9E537-6737-4755-980B-8B2A6E737E48}
		{1B4AA145-C9C2-44CA-B54C-37362AE8E480} = {1B4AA145-C9C2-44CA-B54C-37362AE8E480}
		{FD92B964-506A-4FE5-BE1D-485018420F14} = {FD92B964-506A-4FE5-BE1D-485018420F14}
		{482683F7-DFA9-4BCB-9E5E-D9C4618D7740} = {482683F7-DFA9-4BCB-9E5E-D9C4618D7740}
	EndProjectSection
EndProject
Project("{FAE04EC0-301F-11D3-BF4B-00C04F79EFBC}") = "Mogami.Common", ".NET4.5\Mogami.Common\Mogami.Common.csproj", "{482683F7-DFA9-4BCB-9E5E-D9C4618D7740}"
EndProject
Project("{FAE04EC0-301F-11D3-BF4B-00C04F79EFBC}") = "Mogami.Contrib", ".NET4.5\Mogami.Contrib\Mogami.Contrib.csproj", "{84F32316-F684-4304-ACFC-F5D250D9E68D}"
	ProjectSection(ProjectDependencies) = postProject
		{482683F7-DFA9-4BCB-9E5E-D9C4618D7740} = {482683F7-DFA9-4BCB-9E5E-D9C4618D7740}
	EndProjectSection
EndProject
Project("{FAE04EC0-301F-11D3-BF4B-00C04F79EFBC}") = "Mogami.Core", ".NET4.5\Mogami.Core\Mogami.Core.csproj", "{1B4AA145-C9C2-44CA-B54C-37362AE8E480}"
	ProjectSection(ProjectDependencies) = postProject
		{84F32316-F684-4304-ACFC-F5D250D9E68D} = {84F32316-F684-4304-ACFC-F5D250D9E68D}
		{482683F7-DFA9-4BCB-9E5E-D9C4618D7740} = {482683F7-DFA9-4BCB-9E5E-D9C4618D7740}
	EndProjectSection
EndProject
Project("{FAE04EC0-301F-11D3-BF4B-00C04F79EFBC}") = "Mogami.Gateway", ".NET4.5\Mogami.Gateway\Mogami.Gateway.csproj", "{FD92B964-506A-4FE5-BE1D-485018420F14}"
	ProjectSection(ProjectDependencies) = postProject
		{84F32316-F684-4304-ACFC-F5D250D9E68D} = {84F32316-F684-4304-ACFC-F5D250D9E68D}
		{21E9E537-6737-4755-980B-8B2A6E737E48} = {21E9E537-6737-4755-980B-8B2A6E737E48}
		{1B4AA145-C9C2-44CA-B54C-37362AE8E480} = {1B4AA145-C9C2-44CA-B54C-37362AE8E480}
		{482683F7-DFA9-4BCB-9E5E-D9C4618D7740} = {482683F7-DFA9-4BCB-9E5E-D9C4618D7740}
	EndProjectSection
EndProject
Project("{FAE04EC0-301F-11D3-BF4B-00C04F79EFBC}") = "Mogami.Model", ".NET4.5\Mogami.Model\Mogami.Model.csproj", "{21E9E537-6737-4755-980B-8B2A6E737E48}"
	ProjectSection(ProjectDependencies) = postProject
		{84F32316-F684-4304-ACFC-F5D250D9E68D} = {84F32316-F684-4304-ACFC-F5D250D9E68D}
		{1B4AA145-C9C2-44CA-B54C-37362AE8E480} = {1B4AA145-C9C2-44CA-B54C-37362AE8E480}
		{482683F7-DFA9-4BCB-9E5E-D9C4618D7740} = {482683F7-DFA9-4BCB-9E5E-D9C4618D7740}
	EndProjectSection
EndProject
Project("{FAE04EC0-301F-11D3-BF4B-00C04F79EFBC}") = "Mogami.Service", ".NET4.5\Mogami.Service\Mogami.Service.csproj", "{9F5DECEF-C35E-4C34-9C74-84334FDAEEFD}"
	ProjectSection(ProjectDependencies) = postProject
		{84F32316-F684-4304-ACFC-F5D250D9E68D} = {84F32316-F684-4304-ACFC-F5D250D9E68D}
		{21E9E537-6737-4755-980B-8B2A6E737E48} = {21E9E537-6737-4755-980B-8B2A6E737E48}
		{1B4AA145-C9C2-44CA-B54C-37362AE8E480} = {1B4AA145-C9C2-44CA-B54C-37362AE8E480}
		{FD92B964-506A-4FE5-BE1D-485018420F14} = {FD92B964-506A-4FE5-BE1D-485018420F14}
		{AEAEE777-3501-4DF0-81A4-F1652B0652CA} = {AEAEE777-3501-4DF0-81A4-F1652B0652CA}
		{BAA064DB-6546-491E-A4F1-7A5678EC8E43} = {BAA064DB-6546-491E-A4F1-7A5678EC8E43}
		{482683F7-DFA9-4BCB-9E5E-D9C4618D7740} = {482683F7-DFA9-4BCB-9E5E-D9C4618D7740}
	EndProjectSection
EndProject
Project("{FAE04EC0-301F-11D3-BF4B-00C04F79EFBC}") = "Mogami.Workflow", ".NET4.5\Mogami.Workflow\Mogami.Workflow.csproj", "{BAA064DB-6546-491E-A4F1-7A5678EC8E43}"
	ProjectSection(ProjectDependencies) = postProject
		{84F32316-F684-4304-ACFC-F5D250D9E68D} = {84F32316-F684-4304-ACFC-F5D250D9E68D}
		{21E9E537-6737-4755-980B-8B2A6E737E48} = {21E9E537-6737-4755-980B-8B2A6E737E48}
		{1B4AA145-C9C2-44CA-B54C-37362AE8E480} = {1B4AA145-C9C2-44CA-B54C-37362AE8E480}
		{FD92B964-506A-4FE5-BE1D-485018420F14} = {FD92B964-506A-4FE5-BE1D-485018420F14}
		{AEAEE777-3501-4DF0-81A4-F1652B0652CA} = {AEAEE777-3501-4DF0-81A4-F1652B0652CA}
		{482683F7-DFA9-4BCB-9E5E-D9C4618D7740} = {482683F7-DFA9-4BCB-9E5E-D9C4618D7740}
	EndProjectSection
EndProject
Project("{2150E333-8FDC-42A3-9474-1A3956D46DE8}") = "Contribution", "Contribution", "{128EBBCF-F1A4-435F-B597-9B742F65F6A3}"
EndProject
Project("{FAE04EC0-301F-11D3-BF4B-00C04F79EFBC}") = "Akalib", "..\Contribution\Akalib\.NET4.5\Akalib\Akalib.csproj", "{AC9A53E6-25C0-4465-8F91-671DE8D9573E}"
EndProject
Project("{FAE04EC0-301F-11D3-BF4B-00C04F79EFBC}") = "Akalib.Entity", "..\Contribution\Akalib\.NET4.5\Akalib.Entity\Akalib.Entity.csproj", "{756953CE-A786-4A28-ADD8-6E744633C904}"
EndProject
Project("{FAE04EC0-301F-11D3-BF4B-00C04F79EFBC}") = "Mogami.InvokeServiceConsole", "Mogami.InvokeServiceConsole\Mogami.InvokeServiceConsole.csproj", "{2C9F598A-4ACC-46F3-8548-367C889DABD0}"
EndProject
Project("{FAE04EC0-301F-11D3-BF4B-00C04F79EFBC}") = "Mogami.CT.xUnit", "Mogami.CT.xUnit\Mogami.CT.xUnit.csproj", "{406AE95F-657A-4DBF-BB49-3A2680E91506}"
EndProject
Global
	GlobalSection(SolutionConfigurationPlatforms) = preSolution
		Debug|Any CPU = Debug|Any CPU
		Release|Any CPU = Release|Any CPU
	EndGlobalSection
	GlobalSection(ProjectConfigurationPlatforms) = postSolution
		{8B8409B4-9370-45E6-BC86-D263ED61BE3E}.Debug|Any CPU.ActiveCfg = Debug|Any CPU
		{8B8409B4-9370-45E6-BC86-D263ED61BE3E}.Debug|Any CPU.Build.0 = Debug|Any CPU
		{8B8409B4-9370-45E6-BC86-D263ED61BE3E}.Release|Any CPU.ActiveCfg = Release|Any CPU
		{8B8409B4-9370-45E6-BC86-D263ED61BE3E}.Release|Any CPU.Build.0 = Release|Any CPU
		{AEAEE777-3501-4DF0-81A4-F1652B0652CA}.Debug|Any CPU.ActiveCfg = Debug|Any CPU
		{AEAEE777-3501-4DF0-81A4-F1652B0652CA}.Debug|Any CPU.Build.0 = Debug|Any CPU
		{AEAEE777-3501-4DF0-81A4-F1652B0652CA}.Release|Any CPU.ActiveCfg = Release|Any CPU
		{AEAEE777-3501-4DF0-81A4-F1652B0652CA}.Release|Any CPU.Build.0 = Release|Any CPU
		{482683F7-DFA9-4BCB-9E5E-D9C4618D7740}.Debug|Any CPU.ActiveCfg = Debug|Any CPU
		{482683F7-DFA9-4BCB-9E5E-D9C4618D7740}.Debug|Any CPU.Build.0 = Debug|Any CPU
		{482683F7-DFA9-4BCB-9E5E-D9C4618D7740}.Release|Any CPU.ActiveCfg = Release|Any CPU
		{482683F7-DFA9-4BCB-9E5E-D9C4618D7740}.Release|Any CPU.Build.0 = Release|Any CPU
		{84F32316-F684-4304-ACFC-F5D250D9E68D}.Debug|Any CPU.ActiveCfg = Debug|Any CPU
		{84F32316-F684-4304-ACFC-F5D250D9E68D}.Debug|Any CPU.Build.0 = Debug|Any CPU
		{84F32316-F684-4304-ACFC-F5D250D9E68D}.Release|Any CPU.ActiveCfg = Release|Any CPU
		{84F32316-F684-4304-ACFC-F5D250D9E68D}.Release|Any CPU.Build.0 = Release|Any CPU
		{1B4AA145-C9C2-44CA-B54C-37362AE8E480}.Debug|Any CPU.ActiveCfg = Debug|Any CPU
		{1B4AA145-C9C2-44CA-B54C-37362AE8E480}.Debug|Any CPU.Build.0 = Debug|Any CPU
		{1B4AA145-C9C2-44CA-B54C-37362AE8E480}.Release|Any CPU.ActiveCfg = Release|Any CPU
		{1B4AA145-C9C2-44CA-B54C-37362AE8E480}.Release|Any CPU.Build.0 = Release|Any CPU
		{FD92B964-506A-4FE5-BE1D-485018420F14}.Debug|Any CPU.ActiveCfg = Debug|Any CPU
		{FD92B964-506A-4FE5-BE1D-485018420F14}.Debug|Any CPU.Build.0 = Debug|Any CPU
		{FD92B964-506A-4FE5-BE1D-485018420F14}.Release|Any CPU.ActiveCfg = Release|Any CPU
		{FD92B964-506A-4FE5-BE1D-485018420F14}.Release|Any CPU.Build.0 = Release|Any CPU
		{21E9E537-6737-4755-980B-8B2A6E737E48}.Debug|Any CPU.ActiveCfg = Debug|Any CPU
		{21E9E537-6737-4755-980B-8B2A6E737E48}.Debug|Any CPU.Build.0 = Debug|Any CPU
		{21E9E537-6737-4755-980B-8B2A6E737E48}.Release|Any CPU.ActiveCfg = Release|Any CPU
		{21E9E537-6737-4755-980B-8B2A6E737E48}.Release|Any CPU.Build.0 = Release|Any CPU
		{9F5DECEF-C35E-4C34-9C74-84334FDAEEFD}.Debug|Any CPU.ActiveCfg = Debug|Any CPU
		{9F5DECEF-C35E-4C34-9C74-84334FDAEEFD}.Debug|Any CPU.Build.0 = Debug|Any CPU
		{9F5DECEF-C35E-4C34-9C74-84334FDAEEFD}.Release|Any CPU.ActiveCfg = Release|Any CPU
		{9F5DECEF-C35E-4C34-9C74-84334FDAEEFD}.Release|Any CPU.Build.0 = Release|Any CPU
		{BAA064DB-6546-491E-A4F1-7A5678EC8E43}.Debug|Any CPU.ActiveCfg = Debug|Any CPU
		{BAA064DB-6546-491E-A4F1-7A5678EC8E43}.Debug|Any CPU.Build.0 = Debug|Any CPU
		{BAA064DB-6546-491E-A4F1-7A5678EC8E43}.Release|Any CPU.ActiveCfg = Release|Any CPU
		{BAA064DB-6546-491E-A4F1-7A5678EC8E43}.Release|Any CPU.Build.0 = Release|Any CPU
		{AC9A53E6-25C0-4465-8F91-671DE8D9573E}.Debug|Any CPU.ActiveCfg = Debug|Any CPU
		{AC9A53E6-25C0-4465-8F91-671DE8D9573E}.Debug|Any CPU.Build.0 = Debug|Any CPU
		{AC9A53E6-25C0-4465-8F91-671DE8D9573E}.Release|Any CPU.ActiveCfg = Release|Any CPU
		{AC9A53E6-25C0-4465-8F91-671DE8D9573E}.Release|Any CPU.Build.0 = Release|Any CPU
		{756953CE-A786-4A28-ADD8-6E744633C904}.Debug|Any CPU.ActiveCfg = Debug|Any CPU
		{756953CE-A786-4A28-ADD8-6E744633C904}.Debug|Any CPU.Build.0 = Debug|Any CPU
		{756953CE-A786-4A28-ADD8-6E744633C904}.Release|Any CPU.ActiveCfg = Release|Any CPU
		{756953CE-A786-4A28-ADD8-6E744633C904}.Release|Any CPU.Build.0 = Release|Any CPU
		{2C9F598A-4ACC-46F3-8548-367C889DABD0}.Debug|Any CPU.ActiveCfg = Debug|Any CPU
		{2C9F598A-4ACC-46F3-8548-367C889DABD0}.Debug|Any CPU.Build.0 = Debug|Any CPU
		{2C9F598A-4ACC-46F3-8548-367C889DABD0}.Release|Any CPU.ActiveCfg = Release|Any CPU
		{2C9F598A-4ACC-46F3-8548-367C889DABD0}.Release|Any CPU.Build.0 = Release|Any CPU
		{406AE95F-657A-4DBF-BB49-3A2680E91506}.Debug|Any CPU.ActiveCfg = Debug|Any CPU
		{406AE95F-657A-4DBF-BB49-3A2680E91506}.Debug|Any CPU.Build.0 = Debug|Any CPU
		{406AE95F-657A-4DBF-BB49-3A2680E91506}.Release|Any CPU.ActiveCfg = Release|Any CPU
		{406AE95F-657A-4DBF-BB49-3A2680E91506}.Release|Any CPU.Build.0 = Release|Any CPU
	EndGlobalSection
	GlobalSection(SolutionProperties) = preSolution
		HideSolutionNode = FALSE
	EndGlobalSection
	GlobalSection(NestedProjects) = preSolution
		{8B8409B4-9370-45E6-BC86-D263ED61BE3E} = {EB4362DB-1681-47A3-945F-D16A04D04B20}
		{AEAEE777-3501-4DF0-81A4-F1652B0652CA} = {EB4362DB-1681-47A3-945F-D16A04D04B20}
		{482683F7-DFA9-4BCB-9E5E-D9C4618D7740} = {EB4362DB-1681-47A3-945F-D16A04D04B20}
		{84F32316-F684-4304-ACFC-F5D250D9E68D} = {EB4362DB-1681-47A3-945F-D16A04D04B20}
		{1B4AA145-C9C2-44CA-B54C-37362AE8E480} = {EB4362DB-1681-47A3-945F-D16A04D04B20}
		{FD92B964-506A-4FE5-BE1D-485018420F14} = {EB4362DB-1681-47A3-945F-D16A04D04B20}
		{21E9E537-6737-4755-980B-8B2A6E737E48} = {EB4362DB-1681-47A3-945F-D16A04D04B20}
		{9F5DECEF-C35E-4C34-9C74-84334FDAEEFD} = {EB4362DB-1681-47A3-945F-D16A04D04B20}
		{BAA064DB-6546-491E-A4F1-7A5678EC8E43} = {EB4362DB-1681-47A3-945F-D16A04D04B20}
		{AC9A53E6-25C0-4465-8F91-671DE8D9573E} = {128EBBCF-F1A4-435F-B597-9B742F65F6A3}
		{756953CE-A786-4A28-ADD8-6E744633C904} = {128EBBCF-F1A4-435F-B597-9B742F65F6A3}
	EndGlobalSection
EndGlobal
